
Microsoft Visual Studio Solution File, Format Version 12.00
# Visual Studio 14
VisualStudioVersion = 14.0.23107.0
MinimumVisualStudioVersion = 10.0.40219.1
Project("{FAE04EC0-301F-11D3-BF4B-00C04F79EFBC}") = "tx_webapi_sample", "tx_webapi_sample\tx_webapi_sample.csproj", "{A19D994A-3063-4E95-8471-83A7F3CE3B75}"
EndProject
Project("{FAE04EC0-301F-11D3-BF4B-00C04F79EFBC}") = "WebAPI_Client", "WebAPI_Client\WebAPI_Client.csproj", "{D2591501-8DC2-4B1D-B18F-C17B5F2B644B}"
	ProjectSection(ProjectDependencies) = postProject
		{A19D994A-3063-4E95-8471-83A7F3CE3B75} = {A19D994A-3063-4E95-8471-83A7F3CE3B75}
	EndProjectSection
EndProject
Global
	GlobalSection(SolutionConfigurationPlatforms) = preSolution
		Debug|Any CPU = Debug|Any CPU
		Release|Any CPU = Release|Any CPU
	EndGlobalSection
	GlobalSection(ProjectConfigurationPlatforms) = postSolution
		{A19D994A-3063-4E95-8471-83A7F3CE3B75}.Debug|Any CPU.ActiveCfg = Debug|Any CPU
		{A19D994A-3063-4E95-8471-83A7F3CE3B75}.Debug|Any CPU.Build.0 = Debug|Any CPU
		{A19D994A-3063-4E95-8471-83A7F3CE3B75}.Release|Any CPU.ActiveCfg = Release|Any CPU
		{A19D994A-3063-4E95-8471-83A7F3CE3B75}.Release|Any CPU.Build.0 = Release|Any CPU
		{D2591501-8DC2-4B1D-B18F-C17B5F2B644B}.Debug|Any CPU.ActiveCfg = Debug|Any CPU
		{D2591501-8DC2-4B1D-B18F-C17B5F2B644B}.Debug|Any CPU.Build.0 = Debug|Any CPU
		{D2591501-8DC2-4B1D-B18F-C17B5F2B644B}.Release|Any CPU.ActiveCfg = Release|Any CPU
		{D2591501-8DC2-4B1D-B18F-C17B5F2B644B}.Release|Any CPU.Build.0 = Release|Any CPU
	EndGlobalSection
	GlobalSection(SolutionProperties) = preSolution
		HideSolutionNode = FALSE
	EndGlobalSection
EndGlobal
